
Microsoft Visual Studio Solution File, Format Version 12.00
# Visual Studio 2013
VisualStudioVersion = 12.0.31101.0
MinimumVisualStudioVersion = 10.0.40219.1
Project("{FAE04EC0-301F-11D3-BF4B-00C04F79EFBC}") = "Sherpa", "Sherpa\Sherpa.csproj", "{51DD991E-82F1-45CC-A890-FE88B7D0D1AB}"
EndProject
Project("{FAE04EC0-301F-11D3-BF4B-00C04F79EFBC}") = "Sherpa.Test", "Sherpa.Test\Sherpa.Test\Sherpa.Test\Sherpa.Test.csproj", "{D979F7E7-85FB-4562-804C-C2E63560327D}"
EndProject
Global
	GlobalSection(SolutionConfigurationPlatforms) = preSolution
		Debug|Any CPU = Debug|Any CPU
		Release|Any CPU = Release|Any CPU
	EndGlobalSection
	GlobalSection(ProjectConfigurationPlatforms) = postSolution
		{51DD991E-82F1-45CC-A890-FE88B7D0D1AB}.Debug|Any CPU.ActiveCfg = Debug|Any CPU
		{51DD991E-82F1-45CC-A890-FE88B7D0D1AB}.Debug|Any CPU.Build.0 = Debug|Any CPU
		{51DD991E-82F1-45CC-A890-FE88B7D0D1AB}.Release|Any CPU.ActiveCfg = Release|Any CPU
		{51DD991E-82F1-45CC-A890-FE88B7D0D1AB}.Release|Any CPU.Build.0 = Release|Any CPU
		{D979F7E7-85FB-4562-804C-C2E63560327D}.Debug|Any CPU.ActiveCfg = Debug|Any CPU
		{D979F7E7-85FB-4562-804C-C2E63560327D}.Debug|Any CPU.Build.0 = Debug|Any CPU
		{D979F7E7-85FB-4562-804C-C2E63560327D}.Release|Any CPU.ActiveCfg = Release|Any CPU
		{D979F7E7-85FB-4562-804C-C2E63560327D}.Release|Any CPU.Build.0 = Release|Any CPU
	EndGlobalSection
	GlobalSection(SolutionProperties) = preSolution
		HideSolutionNode = FALSE
	EndGlobalSection
EndGlobal
